schema: '2.0'
stages:
  make_dataset:
    cmd: python .\src\data\make_dataset.py
    deps:
    - path: .\data\raw\
      hash: md5
      md5: fd175f59bbb33aef494a079d01491f28.dir
      size: 266964
      nfiles: 2
    - path: .\src\data\make_dataset.py
      hash: md5
      md5: 2e6e3b88559f3a3fe3ac4e942c08d38a
      size: 1662
  process_data:
    cmd: python .\src\data\data_preprocessing.py 
      .\data\processed\cleaned_insurance_claims.csv
    deps:
    - path: .\data\processed\cleaned_insurance_claims.csv
      hash: md5
      md5: 92667f5ceff2c6ec2967fadbf3a04ba5
      size: 107054
    - path: .\src\data\data_preprocessing.py
      hash: md5
      md5: 7923fe0d6644b353441afe41de586477
      size: 1253
  train_model:
    cmd: python .\src\models\train_model.py 
      .\data\processed\label_encoded_data.csv
    deps:
    - path: .\data\processed\label_encoded_data.csv
      hash: md5
      md5: f945a4b1f5aa3eef49968ea5b344c8f4
      size: 51721
    - path: .\src\models\train_model.py
      hash: md5
      md5: 6fe2b7dce402dabcbb161582d64d80c7
      size: 3467
