schema: '2.0'
stages:
  make_dataset:
    cmd: python .\src\data\make_dataset.py
    deps:
    - path: .\data\raw\
      hash: md5
      md5: fd175f59bbb33aef494a079d01491f28.dir
      size: 266964
      nfiles: 2
    - path: .\src\data\make_dataset.py
      hash: md5
      md5: d55a6df38f59de1cb25b346fab637365
      size: 1381
  process_data:
    cmd: python .\src\data\data_preprocessing.py 
      .\data\processed\cleaned_insurance_claims.csv
    deps:
    - path: .\data\processed\cleaned_insurance_claims.csv
      hash: md5
      md5: 00f3543f0f89b5b876fc727e096747da
      size: 161685
    - path: .\src\data\data_preprocessing.py
      hash: md5
      md5: 1cb7cd88ee9de36e148d6377c7862fa5
      size: 885
  train_model:
    cmd: python .\src\models\train_model.py 
      .\data\processed\encoded_insurance_claims.csv
    deps:
    - path: .\data\processed\encoded_insurance_claims.csv
      hash: md5
      md5: 8b3371676c8b6a9ae017c54cea3269a4
      size: 290138
    - path: .\src\models\train_model.py
      hash: md5
      md5: 0543707fcbb2b0f55c462f83ac3a305e
      size: 3473
