schema: '2.0'
stages:
  make_dataset:
    cmd: python .\src\data\make_dataset.py
    deps:
    - path: .\data\raw\
      hash: md5
      md5: fd175f59bbb33aef494a079d01491f28.dir
      size: 266964
      nfiles: 2
    - path: .\src\data\make_dataset.py
      hash: md5
      md5: 95fa5e1bdd0905d4d28ee09bea646935
      size: 1692
  process_data:
    cmd: python .\src\data\data_preprocessing.py 
      .\data\processed\cleaned_insurance_claims.csv
    deps:
    - path: .\data\processed\cleaned_insurance_claims.csv
      hash: md5
      md5: cb2a115f1f8c36bbb7762f38ff1919b3
      size: 98480
    - path: .\src\data\data_preprocessing.py
      hash: md5
      md5: 7923fe0d6644b353441afe41de586477
      size: 1253
  train_model:
    cmd: python .\src\models\train_model.py 
      .\data\processed\label_encoded_data.csv
    deps:
    - path: .\data\processed\label_encoded_data.csv
      hash: md5
      md5: da04a92867ef4d02b027b0d0557ee1b6
      size: 47045
    - path: .\src\models\train_model.py
      hash: md5
      md5: 6fe2b7dce402dabcbb161582d64d80c7
      size: 3467
